// !$*UTF8*$!
{
	archiveVersion = 1;
	classes = {
	};
	objectVersion = 50;
	objects = {

/* Begin PBXBuildFile section */
		234AFFD2216A6D75009EA03B /* AppDelegate.swift in Sources */ = {isa = PBXBuildFile; fileRef = 234AFFD1216A6D75009EA03B /* AppDelegate.swift */; };
		234AFFD4216A6D75009EA03B /* ViewController.swift in Sources */ = {isa = PBXBuildFile; fileRef = 234AFFD3216A6D75009EA03B /* ViewController.swift */; };
		234AFFD7216A6D75009EA03B /* Main.storyboard in Resources */ = {isa = PBXBuildFile; fileRef = 234AFFD5216A6D75009EA03B /* Main.storyboard */; };
		234AFFD9216A6D76009EA03B /* Assets.xcassets in Resources */ = {isa = PBXBuildFile; fileRef = 234AFFD8216A6D76009EA03B /* Assets.xcassets */; };
		234AFFDC216A6D76009EA03B /* LaunchScreen.storyboard in Resources */ = {isa = PBXBuildFile; fileRef = 234AFFDA216A6D76009EA03B /* LaunchScreen.storyboard */; };
		234AFFE7216A6D76009EA03B /* SampleTestTests.swift in Sources */ = {isa = PBXBuildFile; fileRef = 234AFFE6216A6D76009EA03B /* SampleTestTests.swift */; };
		234AFFF3216A6DE6009EA03B /* libSampleStatic.a in Frameworks */ = {isa = PBXBuildFile; fileRef = 234AFFF2216A6DE6009EA03B /* libSampleStatic.a */; };
/* End PBXBuildFile section */

/* Begin PBXContainerItemProxy section */
		234AFFE3216A6D76009EA03B /* PBXContainerItemProxy */ = {
			isa = PBXContainerItemProxy;
			containerPortal = 234AFFC6216A6D75009EA03B /* Project object */;
			proxyType = 1;
			remoteGlobalIDString = 234AFFCD216A6D75009EA03B;
			remoteInfo = SampleTest;
		};
/* End PBXContainerItemProxy section */

/* Begin PBXFileReference section */
		234AFFCE216A6D75009EA03B /* SampleTest.app */ = {isa = PBXFileReference; explicitFileType = wrapper.application; includeInIndex = 0; path = SampleTest.app; sourceTree = BUILT_PRODUCTS_DIR; };
		234AFFD1216A6D75009EA03B /* AppDelegate.swift */ = {isa = PBXFileReference; lastKnownFileType = sourcecode.swift; path = AppDelegate.swift; sourceTree = "<group>"; };
		234AFFD3216A6D75009EA03B /* ViewController.swift */ = {isa = PBXFileReference; lastKnownFileType = sourcecode.swift; path = ViewController.swift; sourceTree = "<group>"; };
		234AFFD6216A6D75009EA03B /* Base */ = {isa = PBXFileReference; lastKnownFileType = file.storyboard; name = Base; path = Base.lproj/Main.storyboard; sourceTree = "<group>"; };
		234AFFD8216A6D76009EA03B /* Assets.xcassets */ = {isa = PBXFileReference; lastKnownFileType = folder.assetcatalog; path = Assets.xcassets; sourceTree = "<group>"; };
		234AFFDB216A6D76009EA03B /* Base */ = {isa = PBXFileReference; lastKnownFileType = file.storyboard; name = Base; path = Base.lproj/LaunchScreen.storyboard; sourceTree = "<group>"; };
		234AFFDD216A6D76009EA03B /* Info.plist */ = {isa = PBXFileReference; lastKnownFileType = text.plist.xml; path = Info.plist; sourceTree = "<group>"; };
		234AFFE2216A6D76009EA03B /* SampleTestTests.xctest */ = {isa = PBXFileReference; explicitFileType = wrapper.cfbundle; includeInIndex = 0; path = SampleTestTests.xctest; sourceTree = BUILT_PRODUCTS_DIR; };
		234AFFE6216A6D76009EA03B /* SampleTestTests.swift */ = {isa = PBXFileReference; lastKnownFileType = sourcecode.swift; path = SampleTestTests.swift; sourceTree = "<group>"; };
		234AFFE8216A6D77009EA03B /* Info.plist */ = {isa = PBXFileReference; lastKnownFileType = text.plist.xml; path = Info.plist; sourceTree = "<group>"; };
		234AFFF2216A6DE6009EA03B /* libSampleStatic.a */ = {isa = PBXFileReference; lastKnownFileType = archive.ar; name = libSampleStatic.a; path = SampleTest/Library/libSampleStatic.a; sourceTree = "<group>"; };
/* End PBXFileReference section */

/* Begin PBXFrameworksBuildPhase section */
		234AFFCB216A6D75009EA03B /* Frameworks */ = {
			isa = PBXFrameworksBuildPhase;
			buildActionMask = 2147483647;
			files = (
				234AFFF3216A6DE6009EA03B /* libSampleStatic.a in Frameworks */,
			);
			runOnlyForDeploymentPostprocessing = 0;
		};
		234AFFDF216A6D76009EA03B /* Frameworks */ = {
			isa = PBXFrameworksBuildPhase;
			buildActionMask = 2147483647;
			files = (
			);
			runOnlyForDeploymentPostprocessing = 0;
		};
/* End PBXFrameworksBuildPhase section */

/* Begin PBXGroup section */
		234AFFC5216A6D75009EA03B = {
			isa = PBXGroup;
			children = (
				234AFFD0216A6D75009EA03B /* SampleTest */,
				234AFFE5216A6D76009EA03B /* SampleTestTests */,
				234AFFCF216A6D75009EA03B /* Products */,
				234AFFF1216A6DE6009EA03B /* Frameworks */,
			);
			sourceTree = "<group>";
		};
		234AFFCF216A6D75009EA03B /* Products */ = {
			isa = PBXGroup;
			children = (
				234AFFCE216A6D75009EA03B /* SampleTest.app */,
				234AFFE2216A6D76009EA03B /* SampleTestTests.xctest */,
			);
			name = Products;
			sourceTree = "<group>";
		};
		234AFFD0216A6D75009EA03B /* SampleTest */ = {
			isa = PBXGroup;
			children = (
				234AFFD1216A6D75009EA03B /* AppDelegate.swift */,
				234AFFD3216A6D75009EA03B /* ViewController.swift */,
				234AFFD5216A6D75009EA03B /* Main.storyboard */,
				234AFFD8216A6D76009EA03B /* Assets.xcassets */,
				234AFFDA216A6D76009EA03B /* LaunchScreen.storyboard */,
				234AFFDD216A6D76009EA03B /* Info.plist */,
			);
			path = SampleTest;
			sourceTree = "<group>";
		};
		234AFFE5216A6D76009EA03B /* SampleTestTests */ = {
			isa = PBXGroup;
			children = (
				234AFFE6216A6D76009EA03B /* SampleTestTests.swift */,
				234AFFE8216A6D77009EA03B /* Info.plist */,
			);
			path = SampleTestTests;
			sourceTree = "<group>";
		};
		234AFFF1216A6DE6009EA03B /* Frameworks */ = {
			isa = PBXGroup;
			children = (
				234AFFF2216A6DE6009EA03B /* libSampleStatic.a */,
			);
			name = Frameworks;
			sourceTree = "<group>";
		};
/* End PBXGroup section */

/* Begin PBXNativeTarget section */
		234AFFCD216A6D75009EA03B /* SampleTest */ = {
			isa = PBXNativeTarget;
			buildConfigurationList = 234AFFEB216A6D77009EA03B /* Build configuration list for PBXNativeTarget "SampleTest" */;
			buildPhases = (
				234AFFCA216A6D75009EA03B /* Sources */,
				234AFFCB216A6D75009EA03B /* Frameworks */,
				234AFFCC216A6D75009EA03B /* Resources */,
			);
			buildRules = (
			);
			dependencies = (
			);
			name = SampleTest;
			productName = SampleTest;
			productReference = 234AFFCE216A6D75009EA03B /* SampleTest.app */;
			productType = "com.apple.product-type.application";
		};
		234AFFE1216A6D76009EA03B /* SampleTestTests */ = {
			isa = PBXNativeTarget;
			buildConfigurationList = 234AFFEE216A6D77009EA03B /* Build configuration list for PBXNativeTarget "SampleTestTests" */;
			buildPhases = (
				234AFFDE216A6D76009EA03B /* Sources */,
				234AFFDF216A6D76009EA03B /* Frameworks */,
				234AFFE0216A6D76009EA03B /* Resources */,
			);
			buildRules = (
			);
			dependencies = (
				234AFFE4216A6D76009EA03B /* PBXTargetDependency */,
			);
			name = SampleTestTests;
			productName = SampleTestTests;
			productReference = 234AFFE2216A6D76009EA03B /* SampleTestTests.xctest */;
			productType = "com.apple.product-type.bundle.unit-test";
		};
/* End PBXNativeTarget section */

/* Begin PBXProject section */
		234AFFC6216A6D75009EA03B /* Project object */ = {
			isa = PBXProject;
			attributes = {
				LastSwiftUpdateCheck = 1000;
				LastUpgradeCheck = 1000;
				ORGANIZATIONNAME = "Vani Mayya";
				TargetAttributes = {
					234AFFCD216A6D75009EA03B = {
						CreatedOnToolsVersion = 10.0;
					};
					234AFFE1216A6D76009EA03B = {
						CreatedOnToolsVersion = 10.0;
						TestTargetID = 234AFFCD216A6D75009EA03B;
					};
				};
			};
			buildConfigurationList = 234AFFC9216A6D75009EA03B /* Build configuration list for PBXProject "SampleTest" */;
			compatibilityVersion = "Xcode 9.3";
			developmentRegion = en;
			hasScannedForEncodings = 0;
			knownRegions = (
				en,
				Base,
			);
			mainGroup = 234AFFC5216A6D75009EA03B;
			productRefGroup = 234AFFCF216A6D75009EA03B /* Products */;
			projectDirPath = "";
			projectRoot = "";
			targets = (
				234AFFCD216A6D75009EA03B /* SampleTest */,
				234AFFE1216A6D76009EA03B /* SampleTestTests */,
			);
		};
/* End PBXProject section */

/* Begin PBXResourcesBuildPhase section */
		234AFFCC216A6D75009EA03B /* Resources */ = {
			isa = PBXResourcesBuildPhase;
			buildActionMask = 2147483647;
			files = (
				234AFFDC216A6D76009EA03B /* LaunchScreen.storyboard in Resources */,
				234AFFD9216A6D76009EA03B /* Assets.xcassets in Resources */,
				234AFFD7216A6D75009EA03B /* Main.storyboard in Resources */,
			);
			runOnlyForDeploymentPostprocessing = 0;
		};
		234AFFE0216A6D76009EA03B /* Resources */ = {
			isa = PBXResourcesBuildPhase;
			buildActionMask = 2147483647;
			files = (
			);
			runOnlyForDeploymentPostprocessing = 0;
		};
/* End PBXResourcesBuildPhase section */

/* Begin PBXSourcesBuildPhase section */
		234AFFCA216A6D75009EA03B /* Sources */ = {
			isa = PBXSourcesBuildPhase;
			buildActionMask = 2147483647;
			files = (
				234AFFD4216A6D75009EA03B /* ViewController.swift in Sources */,
				234AFFD2216A6D75009EA03B /* AppDelegate.swift in Sources */,
			);
			runOnlyForDeploymentPostprocessing = 0;
		};
		234AFFDE216A6D76009EA03B /* Sources */ = {
			isa = PBXSourcesBuildPhase;
			buildActionMask = 2147483647;
			files = (
				234AFFE7216A6D76009EA03B /* SampleTestTests.swift in Sources */,
			);
			runOnlyForDeploymentPostprocessing = 0;
		};
/* End PBXSourcesBuildPhase section */

/* Begin PBXTargetDependency section */
		234AFFE4216A6D76009EA03B /* PBXTargetDependency */ = {
			isa = PBXTargetDependency;
			target = 234AFFCD216A6D75009EA03B /* SampleTest */;
			targetProxy = 234AFFE3216A6D76009EA03B /* PBXContainerItemProxy */;
		};
/* End PBXTargetDependency section */

/* Begin PBXVariantGroup section */
		234AFFD5216A6D75009EA03B /* Main.storyboard */ = {
			isa = PBXVariantGroup;
			children = (
				234AFFD6216A6D75009EA03B /* Base */,
			);
			name = Main.storyboard;
			sourceTree = "<group>";
		};
		234AFFDA216A6D76009EA03B /* LaunchScreen.storyboard */ = {
			isa = PBXVariantGroup;
			children = (
				234AFFDB216A6D76009EA03B /* Base */,
			);
			name = LaunchScreen.storyboard;
			sourceTree = "<group>";
		};
/* End PBXVariantGroup section */

/* Begin XCBuildConfiguration section */
		234AFFE9216A6D77009EA03B /* Debug */ = {
			isa = XCBuildConfiguration;
			buildSettings = {
				ALWAYS_SEARCH_USER_PATHS = NO;
				CLANG_ANALYZER_NONNULL = YES;
				CLANG_ANALYZER_NUMBER_OBJECT_CONVERSION = YES_AGGRESSIVE;
				CLANG_CXX_LANGUAGE_STANDARD = "gnu++14";
				CLANG_CXX_LIBRARY = "libc++";
				CLANG_ENABLE_MODULES = YES;
				CLANG_ENABLE_OBJC_ARC = YES;
				CLANG_ENABLE_OBJC_WEAK = YES;
				CLANG_WARN_BLOCK_CAPTURE_AUTORELEASING = YES;
				CLANG_WARN_BOOL_CONVERSION = YES;
				CLANG_WARN_COMMA = YES;
				CLANG_WARN_CONSTANT_CONVERSION = YES;
				CLANG_WARN_DEPRECATED_OBJC_IMPLEMENTATIONS = YES;
				CLANG_WARN_DIRECT_OBJC_ISA_USAGE = YES_ERROR;
				CLANG_WARN_DOCUMENTATION_COMMENTS = YES;
				CLANG_WARN_EMPTY_BODY = YES;
				CLANG_WARN_ENUM_CONVERSION = YES;
				CLANG_WARN_INFINITE_RECURSION = YES;
				CLANG_WARN_INT_CONVERSION = YES;
				CLANG_WARN_NON_LITERAL_NULL_CONVERSION = YES;
				CLANG_WARN_OBJC_IMPLICIT_RETAIN_SELF = YES;
				CLANG_WARN_OBJC_LITERAL_CONVERSION = YES;
				CLANG_WARN_OBJC_ROOT_CLASS = YES_ERROR;
				CLANG_WARN_RANGE_LOOP_ANALYSIS = YES;
				CLANG_WARN_STRICT_PROTOTYPES = YES;
				CLANG_WARN_SUSPICIOUS_MOVE = YES;
				CLANG_WARN_UNGUARDED_AVAILABILITY = YES_AGGRESSIVE;
				CLANG_WARN_UNREACHABLE_CODE = YES;
				CLANG_WARN__DUPLICATE_METHOD_MATCH = YES;
				CODE_SIGN_IDENTITY = "iPhone Developer";
				COPY_PHASE_STRIP = NO;
				DEBUG_INFORMATION_FORMAT = dwarf;
				ENABLE_STRICT_OBJC_MSGSEND = YES;
				ENABLE_TESTABILITY = YES;
				GCC_C_LANGUAGE_STANDARD = gnu11;
				GCC_DYNAMIC_NO_PIC = NO;
				GCC_NO_COMMON_BLOCKS = YES;
				GCC_OPTIMIZATION_LEVEL = 0;
				GCC_PREPROCESSOR_DEFINITIONS = (
					"DEBUG=1",
					"$(inherited)",
				);
				GCC_WARN_64_TO_32_BIT_CONVERSION = YES;
				GCC_WARN_ABOUT_RETURN_TYPE = YES_ERROR;
				GCC_WARN_UNDECLARED_SELECTOR = YES;
				GCC_WARN_UNINITIALIZED_AUTOS = YES_AGGRESSIVE;
				GCC_WARN_UNUSED_FUNCTION = YES;
				GCC_WARN_UNUSED_VARIABLE = YES;
				IPHONEOS_DEPLOYMENT_TARGET = 12.0;
				MTL_ENABLE_DEBUG_INFO = INCLUDE_SOURCE;
				MTL_FAST_MATH = YES;
				ONLY_ACTIVE_ARCH = YES;
				SDKROOT = iphoneos;
				SWIFT_ACTIVE_COMPILATION_CONDITIONS = DEBUG;
				SWIFT_OPTIMIZATION_LEVEL = "-Onone";
			};
			name = Debug;
		};
		234AFFEA216A6D77009EA03B /* Release */ = {
			isa = XCBuildConfiguration;
			buildSettings = {
				ALWAYS_SEARCH_USER_PATHS = NO;
				CLANG_ANALYZER_NONNULL = YES;
				CLANG_ANALYZER_NUMBER_OBJECT_CONVERSION = YES_AGGRESSIVE;
				CLANG_CXX_LANGUAGE_STANDARD = "gnu++14";
				CLANG_CXX_LIBRARY = "libc++";
				CLANG_ENABLE_MODULES = YES;
				CLANG_ENABLE_OBJC_ARC = YES;
				CLANG_ENABLE_OBJC_WEAK = YES;
				CLANG_WARN_BLOCK_CAPTURE_AUTORELEASING = YES;
				CLANG_WARN_BOOL_CONVERSION = YES;
				CLANG_WARN_COMMA = YES;
				CLANG_WARN_CONSTANT_CONVERSION = YES;
				CLANG_WARN_DEPRECATED_OBJC_IMPLEMENTATIONS = YES;
				CLANG_WARN_DIRECT_OBJC_ISA_USAGE = YES_ERROR;
				CLANG_WARN_DOCUMENTATION_COMMENTS = YES;
				CLANG_WARN_EMPTY_BODY = YES;
				CLANG_WARN_ENUM_CONVERSION = YES;
				CLANG_WARN_INFINITE_RECURSION = YES;
				CLANG_WARN_INT_CONVERSION = YES;
				CLANG_WARN_NON_LITERAL_NULL_CONVERSION = YES;
				CLANG_WARN_OBJC_IMPLICIT_RETAIN_SELF = YES;
				CLANG_WARN_OBJC_LITERAL_CONVERSION = YES;
				CLANG_WARN_OBJC_ROOT_CLASS = YES_ERROR;
				CLANG_WARN_RANGE_LOOP_ANALYSIS = YES;
				CLANG_WARN_STRICT_PROTOTYPES = YES;
				CLANG_WARN_SUSPICIOUS_MOVE = YES;
				CLANG_WARN_UNGUARDED_AVAILABILITY = YES_AGGRESSIVE;
				CLANG_WARN_UNREACHABLE_CODE = YES;
				CLANG_WARN__DUPLICATE_METHOD_MATCH = YES;
				CODE_SIGN_IDENTITY = "iPhone Developer";
				COPY_PHASE_STRIP = NO;
				DEBUG_INFORMATION_FORMAT = "dwarf-with-dsym";
				ENABLE_NS_ASSERTIONS = NO;
				ENABLE_STRICT_OBJC_MSGSEND = YES;
				GCC_C_LANGUAGE_STANDARD = gnu11;
				GCC_NO_COMMON_BLOCKS = YES;
				GCC_WARN_64_TO_32_BIT_CONVERSION = YES;
				GCC_WARN_ABOUT_RETURN_TYPE = YES_ERROR;
				GCC_WARN_UNDECLARED_SELECTOR = YES;
				GCC_WARN_UNINITIALIZED_AUTOS = YES_AGGRESSIVE;
				GCC_WARN_UNUSED_FUNCTION = YES;
				GCC_WARN_UNUSED_VARIABLE = YES;
				IPHONEOS_DEPLOYMENT_TARGET = 12.0;
				MTL_ENABLE_DEBUG_INFO = NO;
				MTL_FAST_MATH = YES;
				SDKROOT = iphoneos;
				SWIFT_COMPILATION_MODE = wholemodule;
				SWIFT_OPTIMIZATION_LEVEL = "-O";
				VALIDATE_PRODUCT = YES;
			};
			name = Release;
		};
		234AFFEC216A6D77009EA03B /* Debug */ = {
			isa = XCBuildConfiguration;
			buildSettings = {
				ASSETCATALOG_COMPILER_APPICON_NAME = AppIcon;
				CODE_SIGN_STYLE = Automatic;
				DEVELOPMENT_TEAM = "";
				INFOPLIST_FILE = SampleTest/Info.plist;
				LD_RUNPATH_SEARCH_PATHS = (
					"$(inherited)",
					"@executable_path/Frameworks",
				);
				LIBRARY_SEARCH_PATHS = "$(PROJECT_DIR)/SampleTest/Library";
				PRODUCT_BUNDLE_IDENTIFIER = com.SampleTest;
				PRODUCT_NAME = "$(TARGET_NAME)";
				SWIFT_INCLUDE_PATHS = "$(PROJECT_DIR)/SampleTest/Library";
				SWIFT_VERSION = 4.2;
				TARGETED_DEVICE_FAMILY = "1,2";
			};
			name = Debug;
		};
		234AFFED216A6D77009EA03B /* Release */ = {
			isa = XCBuildConfiguration;
			buildSettings = {
				ASSETCATALOG_COMPILER_APPICON_NAME = AppIcon;
				CODE_SIGN_STYLE = Automatic;
				DEVELOPMENT_TEAM = "";
				INFOPLIST_FILE = SampleTest/Info.plist;
				LD_RUNPATH_SEARCH_PATHS = (
					"$(inherited)",
					"@executable_path/Frameworks",
				);
				LIBRARY_SEARCH_PATHS = "$(PROJECT_DIR)/SampleTest/Library";
				PRODUCT_BUNDLE_IDENTIFIER = com.SampleTest;
				PRODUCT_NAME = "$(TARGET_NAME)";
				SWIFT_INCLUDE_PATHS = "$(PROJECT_DIR)/SampleTest/Library";
				SWIFT_VERSION = 4.2;
				TARGETED_DEVICE_FAMILY = "1,2";
			};
			name = Release;
		};
		234AFFEF216A6D77009EA03B /* Debug */ = {
			isa = XCBuildConfiguration;
			buildSettings = {
				ALWAYS_EMBED_SWIFT_STANDARD_LIBRARIES = YES;
				BUNDLE_LOADER = "$(TEST_HOST)";
				CODE_SIGN_STYLE = Automatic;
				DEVELOPMENT_TEAM = 5M4Q2V3XC7;
				INFOPLIST_FILE = SampleTestTests/Info.plist;
				LD_RUNPATH_SEARCH_PATHS = (
					"$(inherited)",
					"@executable_path/Frameworks",
					"@loader_path/Frameworks",
				);
				PRODUCT_BUNDLE_IDENTIFIER = com.SampleTestTests;
				PRODUCT_NAME = "$(TARGET_NAME)";
				SWIFT_VERSION = 4.2;
				TARGETED_DEVICE_FAMILY = "1,2";
				TEST_HOST = "$(BUILT_PRODUCTS_DIR)/SampleTest.app/SampleTest";
			};
			name = Debug;
		};
		234AFFF0216A6D77009EA03B /* Release */ = {
			isa = XCBuildConfiguration;
			buildSettings = {
				ALWAYS_EMBED_SWIFT_STANDARD_LIBRARIES = YES;
				BUNDLE_LOADER = "$(TEST_HOST)";
				CODE_SIGN_STYLE = Automatic;
				DEVELOPMENT_TEAM = 5M4Q2V3XC7;
				INFOPLIST_FILE = SampleTestTests/Info.plist;
				LD_RUNPATH_SEARCH_PATHS = (
					"$(inherited)",
					"@executable_path/Frameworks",
					"@loader_path/Frameworks",
				);
				PRODUCT_BUNDLE_IDENTIFIER = com.SampleTestTests;
				PRODUCT_NAME = "$(TARGET_NAME)";
				SWIFT_VERSION = 4.2;
				TARGETED_DEVICE_FAMILY = "1,2";
				TEST_HOST = "$(BUILT_PRODUCTS_DIR)/SampleTest.app/SampleTest";
			};
			name = Release;
		};
/* End XCBuildConfiguration section */

/* Begin XCConfigurationList section */
		234AFFC9216A6D75009EA03B /* Build configuration list for PBXProject "SampleTest" */ = {
			isa = XCConfigurationList;
			buildConfigurations = (
				234AFFE9216A6D77009EA03B /* Debug */,
				234AFFEA216A6D77009EA03B /* Release */,
			);
			defaultConfigurationIsVisible = 0;
			defaultConfigurationName = Release;
		};
		234AFFEB216A6D77009EA03B /* Build configuration list for PBXNativeTarget "SampleTest" */ = {
			isa = XCConfigurationList;
			buildConfigurations = (
				234AFFEC216A6D77009EA03B /* Debug */,
				234AFFED216A6D77009EA03B /* Release */,
			);
			defaultConfigurationIsVisible = 0;
			defaultConfigurationName = Release;
		};
		234AFFEE216A6D77009EA03B /* Build configuration list for PBXNativeTarget "SampleTestTests" */ = {
			isa = XCConfigurationList;
			buildConfigurations = (
				234AFFEF216A6D77009EA03B /* Debug */,
				234AFFF0216A6D77009EA03B /* Release */,
			);
			defaultConfigurationIsVisible = 0;
			defaultConfigurationName = Release;
		};
/* End XCConfigurationList section */
	};
	rootObject = 234AFFC6216A6D75009EA03B /* Project object */;
}
